// !$*UTF8*$!
{
	archiveVersion = 1;
	classes = {
	};
	objectVersion = 55;
	objects = {

/* Begin PBXBuildFile section */
		868C4AD528BA28CC00605537 /* PhotoCollectionViewCell.swift in Sources */ = {isa = PBXBuildFile; fileRef = 868C4AD428BA28CC00605537 /* PhotoCollectionViewCell.swift */; };
		86DDC4D828BA2589009BD1FC /* AppDelegate.swift in Sources */ = {isa = PBXBuildFile; fileRef = 86DDC4D728BA2589009BD1FC /* AppDelegate.swift */; };
		86DDC4DA28BA2589009BD1FC /* SceneDelegate.swift in Sources */ = {isa = PBXBuildFile; fileRef = 86DDC4D928BA2589009BD1FC /* SceneDelegate.swift */; };
		86DDC4DF28BA2589009BD1FC /* Main.storyboard in Resources */ = {isa = PBXBuildFile; fileRef = 86DDC4DD28BA2589009BD1FC /* Main.storyboard */; };
		86DDC4E128BA258A009BD1FC /* Assets.xcassets in Resources */ = {isa = PBXBuildFile; fileRef = 86DDC4E028BA258A009BD1FC /* Assets.xcassets */; };
		86DDC4E428BA258A009BD1FC /* LaunchScreen.storyboard in Resources */ = {isa = PBXBuildFile; fileRef = 86DDC4E228BA258A009BD1FC /* LaunchScreen.storyboard */; };
		86DDC4EC28BA2606009BD1FC /* PhotosCollectionViewController.swift in Sources */ = {isa = PBXBuildFile; fileRef = 86DDC4EB28BA2606009BD1FC /* PhotosCollectionViewController.swift */; };
		86E7AC3F28BA3E72004C7DAE /* PhotoViewController.swift in Sources */ = {isa = PBXBuildFile; fileRef = 86E7AC3E28BA3E72004C7DAE /* PhotoViewController.swift */; };
/* End PBXBuildFile section */

/* Begin PBXFileReference section */
		868C4AD428BA28CC00605537 /* PhotoCollectionViewCell.swift */ = {isa = PBXFileReference; lastKnownFileType = sourcecode.swift; path = PhotoCollectionViewCell.swift; sourceTree = "<group>"; };
		86DDC4D428BA2589009BD1FC /* PhotoTapps.app */ = {isa = PBXFileReference; explicitFileType = wrapper.application; includeInIndex = 0; path = PhotoTapps.app; sourceTree = BUILT_PRODUCTS_DIR; };
		86DDC4D728BA2589009BD1FC /* AppDelegate.swift */ = {isa = PBXFileReference; lastKnownFileType = sourcecode.swift; path = AppDelegate.swift; sourceTree = "<group>"; };
		86DDC4D928BA2589009BD1FC /* SceneDelegate.swift */ = {isa = PBXFileReference; lastKnownFileType = sourcecode.swift; path = SceneDelegate.swift; sourceTree = "<group>"; };
		86DDC4DE28BA2589009BD1FC /* Base */ = {isa = PBXFileReference; lastKnownFileType = file.storyboard; name = Base; path = Base.lproj/Main.storyboard; sourceTree = "<group>"; };
		86DDC4E028BA258A009BD1FC /* Assets.xcassets */ = {isa = PBXFileReference; lastKnownFileType = folder.assetcatalog; path = Assets.xcassets; sourceTree = "<group>"; };
		86DDC4E328BA258A009BD1FC /* Base */ = {isa = PBXFileReference; lastKnownFileType = file.storyboard; name = Base; path = Base.lproj/LaunchScreen.storyboard; sourceTree = "<group>"; };
		86DDC4E528BA258A009BD1FC /* Info.plist */ = {isa = PBXFileReference; lastKnownFileType = text.plist.xml; path = Info.plist; sourceTree = "<group>"; };
		86DDC4EB28BA2606009BD1FC /* PhotosCollectionViewController.swift */ = {isa = PBXFileReference; lastKnownFileType = sourcecode.swift; path = PhotosCollectionViewController.swift; sourceTree = "<group>"; };
		86E7AC3E28BA3E72004C7DAE /* PhotoViewController.swift */ = {isa = PBXFileReference; lastKnownFileType = sourcecode.swift; path = PhotoViewController.swift; sourceTree = "<group>"; };
/* End PBXFileReference section */

/* Begin PBXFrameworksBuildPhase section */
		86DDC4D128BA2589009BD1FC /* Frameworks */ = {
			isa = PBXFrameworksBuildPhase;
			buildActionMask = 2147483647;
			files = (
			);
			runOnlyForDeploymentPostprocessing = 0;
		};
/* End PBXFrameworksBuildPhase section */

/* Begin PBXGroup section */
		8634E90328BA4B1700D1AE37 /* ViewControllers */ = {
			isa = PBXGroup;
			children = (
				86E7AC3E28BA3E72004C7DAE /* PhotoViewController.swift */,
				868C4AD428BA28CC00605537 /* PhotoCollectionViewCell.swift */,
				86DDC4EB28BA2606009BD1FC /* PhotosCollectionViewController.swift */,
			);
			path = ViewControllers;
			sourceTree = "<group>";
		};
		8634E90428BA4B3600D1AE37 /* Storyboards */ = {
			isa = PBXGroup;
			children = (
				86DDC4DD28BA2589009BD1FC /* Main.storyboard */,
				86DDC4E228BA258A009BD1FC /* LaunchScreen.storyboard */,
			);
			path = Storyboards;
			sourceTree = "<group>";
		};
		8634E90528BA4B5700D1AE37 /* App */ = {
			isa = PBXGroup;
			children = (
				86DDC4D728BA2589009BD1FC /* AppDelegate.swift */,
				86DDC4D928BA2589009BD1FC /* SceneDelegate.swift */,
				86DDC4E528BA258A009BD1FC /* Info.plist */,
			);
			path = App;
			sourceTree = "<group>";
		};
		8634E90628BA4B6100D1AE37 /* Resources */ = {
			isa = PBXGroup;
			children = (
				86DDC4E028BA258A009BD1FC /* Assets.xcassets */,
			);
			path = Resources;
			sourceTree = "<group>";
		};
		86DDC4CB28BA2589009BD1FC = {
			isa = PBXGroup;
			children = (
				86DDC4D628BA2589009BD1FC /* PhotoTapps */,
				86DDC4D528BA2589009BD1FC /* Products */,
			);
			sourceTree = "<group>";
		};
		86DDC4D528BA2589009BD1FC /* Products */ = {
			isa = PBXGroup;
			children = (
				86DDC4D428BA2589009BD1FC /* PhotoTapps.app */,
			);
			name = Products;
			sourceTree = "<group>";
		};
		86DDC4D628BA2589009BD1FC /* PhotoTapps */ = {
			isa = PBXGroup;
			children = (
				8634E90528BA4B5700D1AE37 /* App */,
				8634E90428BA4B3600D1AE37 /* Storyboards */,
				8634E90328BA4B1700D1AE37 /* ViewControllers */,
				8634E90628BA4B6100D1AE37 /* Resources */,
			);
			path = PhotoTapps;
			sourceTree = "<group>";
		};
/* End PBXGroup section */

/* Begin PBXNativeTarget section */
		86DDC4D328BA2589009BD1FC /* PhotoTapps */ = {
			isa = PBXNativeTarget;
			buildConfigurationList = 86DDC4E828BA258A009BD1FC /* Build configuration list for PBXNativeTarget "PhotoTapps" */;
			buildPhases = (
				86DDC4D028BA2589009BD1FC /* Sources */,
				86DDC4D128BA2589009BD1FC /* Frameworks */,
				86DDC4D228BA2589009BD1FC /* Resources */,
			);
			buildRules = (
			);
			dependencies = (
			);
			name = PhotoTapps;
			productName = PhotoTapps;
			productReference = 86DDC4D428BA2589009BD1FC /* PhotoTapps.app */;
			productType = "com.apple.product-type.application";
		};
/* End PBXNativeTarget section */

/* Begin PBXProject section */
		86DDC4CC28BA2589009BD1FC /* Project object */ = {
			isa = PBXProject;
			attributes = {
				BuildIndependentTargetsInParallel = 1;
				LastSwiftUpdateCheck = 1340;
				LastUpgradeCheck = 1340;
				TargetAttributes = {
					86DDC4D328BA2589009BD1FC = {
						CreatedOnToolsVersion = 13.4.1;
					};
				};
			};
			buildConfigurationList = 86DDC4CF28BA2589009BD1FC /* Build configuration list for PBXProject "PhotoTapps" */;
			compatibilityVersion = "Xcode 13.0";
			developmentRegion = en;
			hasScannedForEncodings = 0;
			knownRegions = (
				en,
				Base,
			);
			mainGroup = 86DDC4CB28BA2589009BD1FC;
			productRefGroup = 86DDC4D528BA2589009BD1FC /* Products */;
			projectDirPath = "";
			projectRoot = "";
			targets = (
				86DDC4D328BA2589009BD1FC /* PhotoTapps */,
			);
		};
/* End PBXProject section */

/* Begin PBXResourcesBuildPhase section */
		86DDC4D228BA2589009BD1FC /* Resources */ = {
			isa = PBXResourcesBuildPhase;
			buildActionMask = 2147483647;
			files = (
				86DDC4E428BA258A009BD1FC /* LaunchScreen.storyboard in Resources */,
				86DDC4E128BA258A009BD1FC /* Assets.xcassets in Resources */,
				86DDC4DF28BA2589009BD1FC /* Main.storyboard in Resources */,
			);
			runOnlyForDeploymentPostprocessing = 0;
		};
/* End PBXResourcesBuildPhase section */

/* Begin PBXSourcesBuildPhase section */
		86DDC4D028BA2589009BD1FC /* Sources */ = {
			isa = PBXSourcesBuildPhase;
			buildActionMask = 2147483647;
			files = (
				86DDC4D828BA2589009BD1FC /* AppDelegate.swift in Sources */,
				868C4AD528BA28CC00605537 /* PhotoCollectionViewCell.swift in Sources */,
				86DDC4DA28BA2589009BD1FC /* SceneDelegate.swift in Sources */,
				86DDC4EC28BA2606009BD1FC /* PhotosCollectionViewController.swift in Sources */,
				86E7AC3F28BA3E72004C7DAE /* PhotoViewController.swift in Sources */,
			);
			runOnlyForDeploymentPostprocessing = 0;
		};
/* End PBXSourcesBuildPhase section */

/* Begin PBXVariantGroup section */
		86DDC4DD28BA2589009BD1FC /* Main.storyboard */ = {
			isa = PBXVariantGroup;
			children = (
				86DDC4DE28BA2589009BD1FC /* Base */,
			);
			name = Main.storyboard;
			sourceTree = "<group>";
		};
		86DDC4E228BA258A009BD1FC /* LaunchScreen.storyboard */ = {
			isa = PBXVariantGroup;
			children = (
				86DDC4E328BA258A009BD1FC /* Base */,
			);
			name = LaunchScreen.storyboard;
			sourceTree = "<group>";
		};
/* End PBXVariantGroup section */

/* Begin XCBuildConfiguration section */
		86DDC4E628BA258A009BD1FC /* Debug */ = {
			isa = XCBuildConfiguration;
			buildSettings = {
				ALWAYS_SEARCH_USER_PATHS = NO;
				CLANG_ANALYZER_NONNULL = YES;
				CLANG_ANALYZER_NUMBER_OBJECT_CONVERSION = YES_AGGRESSIVE;
				CLANG_CXX_LANGUAGE_STANDARD = "gnu++17";
				CLANG_ENABLE_MODULES = YES;
				CLANG_ENABLE_OBJC_ARC = YES;
				CLANG_ENABLE_OBJC_WEAK = YES;
				CLANG_WARN_BLOCK_CAPTURE_AUTORELEASING = YES;
				CLANG_WARN_BOOL_CONVERSION = YES;
				CLANG_WARN_COMMA = YES;
				CLANG_WARN_CONSTANT_CONVERSION = YES;
				CLANG_WARN_DEPRECATED_OBJC_IMPLEMENTATIONS = YES;
				CLANG_WARN_DIRECT_OBJC_ISA_USAGE = YES_ERROR;
				CLANG_WARN_DOCUMENTATION_COMMENTS = YES;
				CLANG_WARN_EMPTY_BODY = YES;
				CLANG_WARN_ENUM_CONVERSION = YES;
				CLANG_WARN_INFINITE_RECURSION = YES;
				CLANG_WARN_INT_CONVERSION = YES;
				CLANG_WARN_NON_LITERAL_NULL_CONVERSION = YES;
				CLANG_WARN_OBJC_IMPLICIT_RETAIN_SELF = YES;
				CLANG_WARN_OBJC_LITERAL_CONVERSION = YES;
				CLANG_WARN_OBJC_ROOT_CLASS = YES_ERROR;
				CLANG_WARN_QUOTED_INCLUDE_IN_FRAMEWORK_HEADER = YES;
				CLANG_WARN_RANGE_LOOP_ANALYSIS = YES;
				CLANG_WARN_STRICT_PROTOTYPES = YES;
				CLANG_WARN_SUSPICIOUS_MOVE = YES;
				CLANG_WARN_UNGUARDED_AVAILABILITY = YES_AGGRESSIVE;
				CLANG_WARN_UNREACHABLE_CODE = YES;
				CLANG_WARN__DUPLICATE_METHOD_MATCH = YES;
				COPY_PHASE_STRIP = NO;
				DEBUG_INFORMATION_FORMAT = dwarf;
				ENABLE_STRICT_OBJC_MSGSEND = YES;
				ENABLE_TESTABILITY = YES;
				GCC_C_LANGUAGE_STANDARD = gnu11;
				GCC_DYNAMIC_NO_PIC = NO;
				GCC_NO_COMMON_BLOCKS = YES;
				GCC_OPTIMIZATION_LEVEL = 0;
				GCC_PREPROCESSOR_DEFINITIONS = (
					"DEBUG=1",
					"$(inherited)",
				);
				GCC_WARN_64_TO_32_BIT_CONVERSION = YES;
				GCC_WARN_ABOUT_RETURN_TYPE = YES_ERROR;
				GCC_WARN_UNDECLARED_SELECTOR = YES;
				GCC_WARN_UNINITIALIZED_AUTOS = YES_AGGRESSIVE;
				GCC_WARN_UNUSED_FUNCTION = YES;
				GCC_WARN_UNUSED_VARIABLE = YES;
				IPHONEOS_DEPLOYMENT_TARGET = 15.5;
				MTL_ENABLE_DEBUG_INFO = INCLUDE_SOURCE;
				MTL_FAST_MATH = YES;
				ONLY_ACTIVE_ARCH = YES;
				SDKROOT = iphoneos;
				SWIFT_ACTIVE_COMPILATION_CONDITIONS = DEBUG;
				SWIFT_OPTIMIZATION_LEVEL = "-Onone";
			};
			name = Debug;
		};
		86DDC4E728BA258A009BD1FC /* Release */ = {
			isa = XCBuildConfiguration;
			buildSettings = {
				ALWAYS_SEARCH_USER_PATHS = NO;
				CLANG_ANALYZER_NONNULL = YES;
				CLANG_ANALYZER_NUMBER_OBJECT_CONVERSION = YES_AGGRESSIVE;
				CLANG_CXX_LANGUAGE_STANDARD = "gnu++17";
				CLANG_ENABLE_MODULES = YES;
				CLANG_ENABLE_OBJC_ARC = YES;
				CLANG_ENABLE_OBJC_WEAK = YES;
				CLANG_WARN_BLOCK_CAPTURE_AUTORELEASING = YES;
				CLANG_WARN_BOOL_CONVERSION = YES;
				CLANG_WARN_COMMA = YES;
				CLANG_WARN_CONSTANT_CONVERSION = YES;
				CLANG_WARN_DEPRECATED_OBJC_IMPLEMENTATIONS = YES;
				CLANG_WARN_DIRECT_OBJC_ISA_USAGE = YES_ERROR;
				CLANG_WARN_DOCUMENTATION_COMMENTS = YES;
				CLANG_WARN_EMPTY_BODY = YES;
				CLANG_WARN_ENUM_CONVERSION = YES;
				CLANG_WARN_INFINITE_RECURSION = YES;
				CLANG_WARN_INT_CONVERSION = YES;
				CLANG_WARN_NON_LITERAL_NULL_CONVERSION = YES;
				CLANG_WARN_OBJC_IMPLICIT_RETAIN_SELF = YES;
				CLANG_WARN_OBJC_LITERAL_CONVERSION = YES;
				CLANG_WARN_OBJC_ROOT_CLASS = YES_ERROR;
				CLANG_WARN_QUOTED_INCLUDE_IN_FRAMEWORK_HEADER = YES;
				CLANG_WARN_RANGE_LOOP_ANALYSIS = YES;
				CLANG_WARN_STRICT_PROTOTYPES = YES;
				CLANG_WARN_SUSPICIOUS_MOVE = YES;
				CLANG_WARN_UNGUARDED_AVAILABILITY = YES_AGGRESSIVE;
				CLANG_WARN_UNREACHABLE_CODE = YES;
				CLANG_WARN__DUPLICATE_METHOD_MATCH = YES;
				COPY_PHASE_STRIP = NO;
				DEBUG_INFORMATION_FORMAT = "dwarf-with-dsym";
				ENABLE_NS_ASSERTIONS = NO;
				ENABLE_STRICT_OBJC_MSGSEND = YES;
				GCC_C_LANGUAGE_STANDARD = gnu11;
				GCC_NO_COMMON_BLOCKS = YES;
				GCC_WARN_64_TO_32_BIT_CONVERSION = YES;
				GCC_WARN_ABOUT_RETURN_TYPE = YES_ERROR;
				GCC_WARN_UNDECLARED_SELECTOR = YES;
				GCC_WARN_UNINITIALIZED_AUTOS = YES_AGGRESSIVE;
				GCC_WARN_UNUSED_FUNCTION = YES;
				GCC_WARN_UNUSED_VARIABLE = YES;
				IPHONEOS_DEPLOYMENT_TARGET = 15.5;
				MTL_ENABLE_DEBUG_INFO = NO;
				MTL_FAST_MATH = YES;
				SDKROOT = iphoneos;
				SWIFT_COMPILATION_MODE = wholemodule;
				SWIFT_OPTIMIZATION_LEVEL = "-O";
				VALIDATE_PRODUCT = YES;
			};
			name = Release;
		};
		86DDC4E928BA258A009BD1FC /* Debug */ = {
			isa = XCBuildConfiguration;
			buildSettings = {
				ASSETCATALOG_COMPILER_APPICON_NAME = AppIcon;
				ASSETCATALOG_COMPILER_GLOBAL_ACCENT_COLOR_NAME = AccentColor;
				CODE_SIGN_STYLE = Automatic;
				CURRENT_PROJECT_VERSION = 1;
				DEVELOPMENT_TEAM = RB4GHHSS4P;
				GENERATE_INFOPLIST_FILE = YES;
				INFOPLIST_FILE = PhotoTapps/App/Info.plist;
				INFOPLIST_KEY_UIApplicationSupportsIndirectInputEvents = YES;
				INFOPLIST_KEY_UILaunchStoryboardName = LaunchScreen;
				INFOPLIST_KEY_UIMainStoryboardFile = Main;
				INFOPLIST_KEY_UISupportedInterfaceOrientations = UIInterfaceOrientationPortrait;
				INFOPLIST_KEY_UISupportedInterfaceOrientations_iPad = "UIInterfaceOrientationPortrait UIInterfaceOrientationPortraitUpsideDown UIInterfaceOrientationLandscapeLeft UIInterfaceOrientationLandscapeRight";
				INFOPLIST_KEY_UISupportedInterfaceOrientations_iPhone = "UIInterfaceOrientationPortrait UIInterfaceOrientationLandscapeLeft UIInterfaceOrientationLandscapeRight";
				LD_RUNPATH_SEARCH_PATHS = (
					"$(inherited)",
					"@executable_path/Frameworks",
				);
				MARKETING_VERSION = 1.0;
				PRODUCT_BUNDLE_IDENTIFIER = DenysIlnytskyi.PhotoTapps;
				PRODUCT_NAME = "$(TARGET_NAME)";
				SWIFT_EMIT_LOC_STRINGS = YES;
				SWIFT_VERSION = 5.0;
				TARGETED_DEVICE_FAMILY = 1;
			};
			name = Debug;
		};
		86DDC4EA28BA258A009BD1FC /* Release */ = {
			isa = XCBuildConfiguration;
			buildSettings = {
				ASSETCATALOG_COMPILER_APPICON_NAME = AppIcon;
				ASSETCATALOG_COMPILER_GLOBAL_ACCENT_COLOR_NAME = AccentColor;
				CODE_SIGN_STYLE = Automatic;
				CURRENT_PROJECT_VERSION = 1;
				DEVELOPMENT_TEAM = RB4GHHSS4P;
				GENERATE_INFOPLIST_FILE = YES;
				INFOPLIST_FILE = PhotoTapps/App/Info.plist;
				INFOPLIST_KEY_UIApplicationSupportsIndirectInputEvents = YES;
				INFOPLIST_KEY_UILaunchStoryboardName = LaunchScreen;
				INFOPLIST_KEY_UIMainStoryboardFile = Main;
				INFOPLIST_KEY_UISupportedInterfaceOrientations = UIInterfaceOrientationPortrait;
				INFOPLIST_KEY_UISupportedInterfaceOrientations_iPad = "UIInterfaceOrientationPortrait UIInterfaceOrientationPortraitUpsideDown UIInterfaceOrientationLandscapeLeft UIInterfaceOrientationLandscapeRight";
				INFOPLIST_KEY_UISupportedInterfaceOrientations_iPhone = "UIInterfaceOrientationPortrait UIInterfaceOrientationLandscapeLeft UIInterfaceOrientationLandscapeRight";
				LD_RUNPATH_SEARCH_PATHS = (
					"$(inherited)",
					"@executable_path/Frameworks",
				);
				MARKETING_VERSION = 1.0;
				PRODUCT_BUNDLE_IDENTIFIER = DenysIlnytskyi.PhotoTapps;
				PRODUCT_NAME = "$(TARGET_NAME)";
				SWIFT_EMIT_LOC_STRINGS = YES;
				SWIFT_VERSION = 5.0;
				TARGETED_DEVICE_FAMILY = 1;
			};
			name = Release;
		};
/* End XCBuildConfiguration section */

/* Begin XCConfigurationList section */
		86DDC4CF28BA2589009BD1FC /* Build configuration list for PBXProject "PhotoTapps" */ = {
			isa = XCConfigurationList;
			buildConfigurations = (
				86DDC4E628BA258A009BD1FC /* Debug */,
				86DDC4E728BA258A009BD1FC /* Release */,
			);
			defaultConfigurationIsVisible = 0;
			defaultConfigurationName = Release;
		};
		86DDC4E828BA258A009BD1FC /* Build configuration list for PBXNativeTarget "PhotoTapps" */ = {
			isa = XCConfigurationList;
			buildConfigurations = (
				86DDC4E928BA258A009BD1FC /* Debug */,
				86DDC4EA28BA258A009BD1FC /* Release */,
			);
			defaultConfigurationIsVisible = 0;
			defaultConfigurationName = Release;
		};
/* End XCConfigurationList section */
	};
	rootObject = 86DDC4CC28BA2589009BD1FC /* Project object */;
}
